
Microsoft Visual Studio Solution File, Format Version 12.00
# Visual Studio Version 17
VisualStudioVersion = 17.14.36401.2
MinimumVisualStudioVersion = 10.0.40219.1
Project("{2150E333-8FDC-42A3-9474-1A3956D46DE8}") = ".README", ".README", "{02EA681E-C7D8-13C7-8484-4AC65E1B71E8}"
	ProjectSection(SolutionItems) = preProject
		README.md = README.md
	EndProjectSection
EndProject
Project("{7CF6DF6D-3B04-46F8-A40B-537D21BCA0B4}") = "SecurityHelp", "SecurityHelp\SecurityHelp.shfbproj", "{66F11D12-7631-40C7-8C17-988D37F3FB05}"
	ProjectSection(ProjectDependencies) = postProject
		{D756592F-EF02-983A-A79F-C957B060AE68} = {D756592F-EF02-983A-A79F-C957B060AE68}
	EndProjectSection
EndProject
Project("{FAE04EC0-301F-11D3-BF4B-00C04F79EFBC}") = "SecurityLib", "SecurityLib\SecurityLib.csproj", "{D756592F-EF02-983A-A79F-C957B060AE68}"
EndProject
Project("{FAE04EC0-301F-11D3-BF4B-00C04F79EFBC}") = "SecurityTests", "SecurityTests\SecurityTests.csproj", "{C0016BB4-9106-7ECA-FE92-DCCFD54205D1}"
EndProject
Project("{2150E333-8FDC-42A3-9474-1A3956D46DE8}") = ".NUGET", ".NUGET", "{98DE9390-EAEC-4C86-9785-B900B795D0CD}"
	ProjectSection(SolutionItems) = preProject
		publish.ps1 = publish.ps1
	EndProjectSection
EndProject
Global
	GlobalSection(SolutionConfigurationPlatforms) = preSolution
		Debug|Any CPU = Debug|Any CPU
		Release|Any CPU = Release|Any CPU
	EndGlobalSection
	GlobalSection(ProjectConfigurationPlatforms) = postSolution
		{66F11D12-7631-40C7-8C17-988D37F3FB05}.Debug|Any CPU.ActiveCfg = Debug|Any CPU
		{66F11D12-7631-40C7-8C17-988D37F3FB05}.Release|Any CPU.ActiveCfg = Release|Any CPU
		{D756592F-EF02-983A-A79F-C957B060AE68}.Debug|Any CPU.ActiveCfg = Debug|Any CPU
		{D756592F-EF02-983A-A79F-C957B060AE68}.Debug|Any CPU.Build.0 = Debug|Any CPU
		{D756592F-EF02-983A-A79F-C957B060AE68}.Release|Any CPU.ActiveCfg = Release|Any CPU
		{D756592F-EF02-983A-A79F-C957B060AE68}.Release|Any CPU.Build.0 = Release|Any CPU
		{C0016BB4-9106-7ECA-FE92-DCCFD54205D1}.Debug|Any CPU.ActiveCfg = Debug|Any CPU
		{C0016BB4-9106-7ECA-FE92-DCCFD54205D1}.Debug|Any CPU.Build.0 = Debug|Any CPU
		{C0016BB4-9106-7ECA-FE92-DCCFD54205D1}.Release|Any CPU.ActiveCfg = Release|Any CPU
		{C0016BB4-9106-7ECA-FE92-DCCFD54205D1}.Release|Any CPU.Build.0 = Release|Any CPU
	EndGlobalSection
	GlobalSection(SolutionProperties) = preSolution
		HideSolutionNode = FALSE
	EndGlobalSection
	GlobalSection(ExtensibilityGlobals) = postSolution
		SolutionGuid = {226BE849-4972-4D56-B152-BD758FE3A616}
	EndGlobalSection
EndGlobal
